# Synthetic Stage 1 sidecar spike only. The mirror keeps bootstrap downloads
# available in the development environment; every artifact remains hash-locked.
--index-url https://pypi.tuna.tsinghua.edu.cn/simple
--require-hashes
--only-binary=:all:

ijson==3.5.1 \
    --hash=sha256:b9517efbe6604bce16f3e50d49b0cd1bdc58917f98cf2eab026599c5c0422991
altgraph==0.17.4 \
    --hash=sha256:642743b4750de17e655e6711601b077bc6598dbfa3ba5fa2b2a35ce12b508dff
macholib==1.16.4 \
    --hash=sha256:da1a3fa8266e30f0ce7e97c6a54eefaae8edd1e5f86f3eb8b95457cae90265ea
packaging==25.0 \
    --hash=sha256:29572ef2b1f17581046b3a2227d5c611fb25ec70ca1ba8554b24b0e69331a484
pyinstaller==6.21.0 \
    --hash=sha256:327d132389f37912609e01be62810cf96b5aa95b613903e4b8692e0d12fb0eda
pyinstaller-hooks-contrib==2026.6 \
    --hash=sha256:fd13b8ac126b35361175edacd41a0d97080b75dd5f4b594ecefefff969509dd3
setuptools==80.9.0 \
    --hash=sha256:062d34222ad13e0cc312a4c02d73f059e86a4acbfbdea8f8f76b28c99f306922
